
Microsoft Visual Studio Solution File, Format Version 12.00
# Visual Studio Version 16
VisualStudioVersion = 16.0.32126.315
MinimumVisualStudioVersion = 10.0.40219.1
Project("{9A19103F-16F7-4668-BE54-9A1E7A4F7556}") = "DirectoriesAndFiles", "DirectoriesAndFiles\DirectoriesAndFiles.csproj", "{A52A4A2A-00F9-428D-99BE-2B59D356B834}"
EndProject
Project("{9A19103F-16F7-4668-BE54-9A1E7A4F7556}") = "WishList", "WishList\WishList.csproj", "{9012413A-18E2-411A-BA5D-3FA7DF67C349}"
EndProject
Project("{9A19103F-16F7-4668-BE54-9A1E7A4F7556}") = "MyWishListFile", "MyWishListFile\MyWishListFile.csproj", "{7ABBD19A-CC28-4FB9-94C9-9E368C7CE301}"
EndProject
Project("{9A19103F-16F7-4668-BE54-9A1E7A4F7556}") = "ShoppingList", "ShoppingList\ShoppingList.csproj", "{F823EA80-D27D-461F-927E-78FBF8AA23CC}"
EndProject
Project("{FAE04EC0-301F-11D3-BF4B-00C04F79EFBC}") = "ShoppingFile", "ShoppingFile\ShoppingFile.csproj", "{2AAB2504-DA34-4A28-B839-73D7FC104AB3}"
EndProject
Global
	GlobalSection(SolutionConfigurationPlatforms) = preSolution
		Debug|Any CPU = Debug|Any CPU
		Release|Any CPU = Release|Any CPU
	EndGlobalSection
	GlobalSection(ProjectConfigurationPlatforms) = postSolution
		{A52A4A2A-00F9-428D-99BE-2B59D356B834}.Debug|Any CPU.ActiveCfg = Debug|Any CPU
		{A52A4A2A-00F9-428D-99BE-2B59D356B834}.Debug|Any CPU.Build.0 = Debug|Any CPU
		{A52A4A2A-00F9-428D-99BE-2B59D356B834}.Release|Any CPU.ActiveCfg = Release|Any CPU
		{A52A4A2A-00F9-428D-99BE-2B59D356B834}.Release|Any CPU.Build.0 = Release|Any CPU
		{9012413A-18E2-411A-BA5D-3FA7DF67C349}.Debug|Any CPU.ActiveCfg = Debug|Any CPU
		{9012413A-18E2-411A-BA5D-3FA7DF67C349}.Debug|Any CPU.Build.0 = Debug|Any CPU
		{9012413A-18E2-411A-BA5D-3FA7DF67C349}.Release|Any CPU.ActiveCfg = Release|Any CPU
		{9012413A-18E2-411A-BA5D-3FA7DF67C349}.Release|Any CPU.Build.0 = Release|Any CPU
		{7ABBD19A-CC28-4FB9-94C9-9E368C7CE301}.Debug|Any CPU.ActiveCfg = Debug|Any CPU
		{7ABBD19A-CC28-4FB9-94C9-9E368C7CE301}.Debug|Any CPU.Build.0 = Debug|Any CPU
		{7ABBD19A-CC28-4FB9-94C9-9E368C7CE301}.Release|Any CPU.ActiveCfg = Release|Any CPU
		{7ABBD19A-CC28-4FB9-94C9-9E368C7CE301}.Release|Any CPU.Build.0 = Release|Any CPU
		{F823EA80-D27D-461F-927E-78FBF8AA23CC}.Debug|Any CPU.ActiveCfg = Debug|Any CPU
		{F823EA80-D27D-461F-927E-78FBF8AA23CC}.Debug|Any CPU.Build.0 = Debug|Any CPU
		{F823EA80-D27D-461F-927E-78FBF8AA23CC}.Release|Any CPU.ActiveCfg = Release|Any CPU
		{F823EA80-D27D-461F-927E-78FBF8AA23CC}.Release|Any CPU.Build.0 = Release|Any CPU
		{2AAB2504-DA34-4A28-B839-73D7FC104AB3}.Debug|Any CPU.ActiveCfg = Debug|Any CPU
		{2AAB2504-DA34-4A28-B839-73D7FC104AB3}.Debug|Any CPU.Build.0 = Debug|Any CPU
		{2AAB2504-DA34-4A28-B839-73D7FC104AB3}.Release|Any CPU.ActiveCfg = Release|Any CPU
		{2AAB2504-DA34-4A28-B839-73D7FC104AB3}.Release|Any CPU.Build.0 = Release|Any CPU
	EndGlobalSection
	GlobalSection(SolutionProperties) = preSolution
		HideSolutionNode = FALSE
	EndGlobalSection
	GlobalSection(ExtensibilityGlobals) = postSolution
		SolutionGuid = {5AC441E5-5132-4AE8-95A4-ECA8BF998FFF}
	EndGlobalSection
EndGlobal
